
Microsoft Visual Studio Solution File, Format Version 12.00
# Visual Studio Version 16
VisualStudioVersion = 16.0.30309.148
MinimumVisualStudioVersion = 10.0.40219.1
Project("{FAE04EC0-301F-11D3-BF4B-00C04F79EFBC}") = "TestWebpack", "TestWebpack\TestWebpack.csproj", "{53204608-9FA0-40A1-9350-4EA7D1C5BDEB}"
EndProject
Global
	GlobalSection(SolutionConfigurationPlatforms) = preSolution
		Debug|Any CPU = Debug|Any CPU
		Release|Any CPU = Release|Any CPU
	EndGlobalSection
	GlobalSection(ProjectConfigurationPlatforms) = postSolution
		{53204608-9FA0-40A1-9350-4EA7D1C5BDEB}.Debug|Any CPU.ActiveCfg = Debug|Any CPU
		{53204608-9FA0-40A1-9350-4EA7D1C5BDEB}.Debug|Any CPU.Build.0 = Debug|Any CPU
		{53204608-9FA0-40A1-9350-4EA7D1C5BDEB}.Release|Any CPU.ActiveCfg = Release|Any CPU
		{53204608-9FA0-40A1-9350-4EA7D1C5BDEB}.Release|Any CPU.Build.0 = Release|Any CPU
	EndGlobalSection
	GlobalSection(SolutionProperties) = preSolution
		HideSolutionNode = FALSE
	EndGlobalSection
	GlobalSection(ExtensibilityGlobals) = postSolution
		SolutionGuid = {C634A557-924F-442A-A0E6-8E2CEAEE913F}
	EndGlobalSection
EndGlobal
